
Microsoft Visual Studio Solution File, Format Version 12.00
# Visual Studio Version 17
VisualStudioVersion = 17.5.33530.505
MinimumVisualStudioVersion = 10.0.40219.1
Project("{2150E333-8FDC-42A3-9474-1A3956D46DE8}") = "src", "src", "{6EE3FC5E-27E6-48C2-8866-DD6BFB1F6FB2}"
EndProject
Project("{2150E333-8FDC-42A3-9474-1A3956D46DE8}") = "UI", "UI", "{D3114EAF-01FB-4573-B729-428BCAF3E8FD}"
EndProject
Project("{2150E333-8FDC-42A3-9474-1A3956D46DE8}") = "API", "API", "{41BC7428-107A-4B24-8DC1-9F8B383B2123}"
EndProject
Project("{2150E333-8FDC-42A3-9474-1A3956D46DE8}") = "Core", "Core", "{22DE3ACA-C952-41DC-97FD-F1E3B33CB1CA}"
EndProject
Project("{2150E333-8FDC-42A3-9474-1A3956D46DE8}") = "Infrastructure", "Infrastructure", "{B3441EA7-D36F-447B-8F92-5C2AD4A2D08D}"
EndProject
Project("{2150E333-8FDC-42A3-9474-1A3956D46DE8}") = "test", "test", "{B999EB45-C49B-4E24-8EE2-5E3BEC4C605F}"
EndProject
Project("{9A19103F-16F7-4668-BE54-9A1E7A4F7556}") = "HR.LeaveManagement.Domain", "HR.LeaveManagement.Domain\HR.LeaveManagement.Domain.csproj", "{C36BF6D8-CC72-433C-B8FE-2CF74741BC57}"
EndProject
Project("{9A19103F-16F7-4668-BE54-9A1E7A4F7556}") = "HR.LeaveManagement.Application", "HR.LeaveManagement.Application\HR.LeaveManagement.Application.csproj", "{0B3AE128-3457-4F69-8FDF-48E6007F3F92}"
EndProject
Project("{9A19103F-16F7-4668-BE54-9A1E7A4F7556}") = "HR.LeaveManagement.Persistence", "HR.LeaveManagement.Persistence\HR.LeaveManagement.Persistence.csproj", "{C674D0A9-4CE3-4A3B-BC3F-C9FB6C39B2A6}"
EndProject
Project("{9A19103F-16F7-4668-BE54-9A1E7A4F7556}") = "HR.LeaveManagement.Infrastructure", "HR.LeaveManagement.Infrastructure\HR.LeaveManagement.Infrastructure.csproj", "{49C3288A-55FA-4B8E-8094-8EF4A50014FB}"
EndProject
Project("{9A19103F-16F7-4668-BE54-9A1E7A4F7556}") = "HR.LeaveManagement.Api", "HR.LeaveManagement.Apo\HR.LeaveManagement.Api.csproj", "{823E2342-1F36-48BF-A12B-D9C6047BE203}"
EndProject
Project("{9A19103F-16F7-4668-BE54-9A1E7A4F7556}") = "HR.LeaveManagement.Application.UnitTests", "HR.LeaveManagement.Application.UnitTests\HR.LeaveManagement.Application.UnitTests.csproj", "{48DE84C7-473D-456E-9E23-F73C076011A0}"
EndProject
Project("{9A19103F-16F7-4668-BE54-9A1E7A4F7556}") = "HR.LeaveManagement.Persistence.IntegrationTests", "HR.LeaveManagement.Persistence.IntegrationTests\HR.LeaveManagement.Persistence.IntegrationTests.csproj", "{F51DEE0B-7E8B-44D3-976E-3A6909A1107C}"
EndProject
Project("{FAE04EC0-301F-11D3-BF4B-00C04F79EFBC}") = "HR.LeaveManagement.BlazorUI", "HR.LeaveManagement.BlazorUI\HR.LeaveManagement.BlazorUI.csproj", "{87516965-02F8-4246-9C4E-DD69BC01E67A}"
EndProject
Global
	GlobalSection(SolutionConfigurationPlatforms) = preSolution
		Debug|Any CPU = Debug|Any CPU
		Release|Any CPU = Release|Any CPU
	EndGlobalSection
	GlobalSection(ProjectConfigurationPlatforms) = postSolution
		{C36BF6D8-CC72-433C-B8FE-2CF74741BC57}.Debug|Any CPU.ActiveCfg = Debug|Any CPU
		{C36BF6D8-CC72-433C-B8FE-2CF74741BC57}.Debug|Any CPU.Build.0 = Debug|Any CPU
		{C36BF6D8-CC72-433C-B8FE-2CF74741BC57}.Release|Any CPU.ActiveCfg = Release|Any CPU
		{C36BF6D8-CC72-433C-B8FE-2CF74741BC57}.Release|Any CPU.Build.0 = Release|Any CPU
		{0B3AE128-3457-4F69-8FDF-48E6007F3F92}.Debug|Any CPU.ActiveCfg = Debug|Any CPU
		{0B3AE128-3457-4F69-8FDF-48E6007F3F92}.Debug|Any CPU.Build.0 = Debug|Any CPU
		{0B3AE128-3457-4F69-8FDF-48E6007F3F92}.Release|Any CPU.ActiveCfg = Release|Any CPU
		{0B3AE128-3457-4F69-8FDF-48E6007F3F92}.Release|Any CPU.Build.0 = Release|Any CPU
		{C674D0A9-4CE3-4A3B-BC3F-C9FB6C39B2A6}.Debug|Any CPU.ActiveCfg = Debug|Any CPU
		{C674D0A9-4CE3-4A3B-BC3F-C9FB6C39B2A6}.Debug|Any CPU.Build.0 = Debug|Any CPU
		{C674D0A9-4CE3-4A3B-BC3F-C9FB6C39B2A6}.Release|Any CPU.ActiveCfg = Release|Any CPU
		{C674D0A9-4CE3-4A3B-BC3F-C9FB6C39B2A6}.Release|Any CPU.Build.0 = Release|Any CPU
		{49C3288A-55FA-4B8E-8094-8EF4A50014FB}.Debug|Any CPU.ActiveCfg = Debug|Any CPU
		{49C3288A-55FA-4B8E-8094-8EF4A50014FB}.Debug|Any CPU.Build.0 = Debug|Any CPU
		{49C3288A-55FA-4B8E-8094-8EF4A50014FB}.Release|Any CPU.ActiveCfg = Release|Any CPU
		{49C3288A-55FA-4B8E-8094-8EF4A50014FB}.Release|Any CPU.Build.0 = Release|Any CPU
		{823E2342-1F36-48BF-A12B-D9C6047BE203}.Debug|Any CPU.ActiveCfg = Debug|Any CPU
		{823E2342-1F36-48BF-A12B-D9C6047BE203}.Debug|Any CPU.Build.0 = Debug|Any CPU
		{823E2342-1F36-48BF-A12B-D9C6047BE203}.Release|Any CPU.ActiveCfg = Release|Any CPU
		{823E2342-1F36-48BF-A12B-D9C6047BE203}.Release|Any CPU.Build.0 = Release|Any CPU
		{48DE84C7-473D-456E-9E23-F73C076011A0}.Debug|Any CPU.ActiveCfg = Debug|Any CPU
		{48DE84C7-473D-456E-9E23-F73C076011A0}.Debug|Any CPU.Build.0 = Debug|Any CPU
		{48DE84C7-473D-456E-9E23-F73C076011A0}.Release|Any CPU.ActiveCfg = Release|Any CPU
		{48DE84C7-473D-456E-9E23-F73C076011A0}.Release|Any CPU.Build.0 = Release|Any CPU
		{F51DEE0B-7E8B-44D3-976E-3A6909A1107C}.Debug|Any CPU.ActiveCfg = Debug|Any CPU
		{F51DEE0B-7E8B-44D3-976E-3A6909A1107C}.Debug|Any CPU.Build.0 = Debug|Any CPU
		{F51DEE0B-7E8B-44D3-976E-3A6909A1107C}.Release|Any CPU.ActiveCfg = Release|Any CPU
		{F51DEE0B-7E8B-44D3-976E-3A6909A1107C}.Release|Any CPU.Build.0 = Release|Any CPU
		{87516965-02F8-4246-9C4E-DD69BC01E67A}.Debug|Any CPU.ActiveCfg = Debug|Any CPU
		{87516965-02F8-4246-9C4E-DD69BC01E67A}.Debug|Any CPU.Build.0 = Debug|Any CPU
		{87516965-02F8-4246-9C4E-DD69BC01E67A}.Release|Any CPU.ActiveCfg = Release|Any CPU
		{87516965-02F8-4246-9C4E-DD69BC01E67A}.Release|Any CPU.Build.0 = Release|Any CPU
	EndGlobalSection
	GlobalSection(SolutionProperties) = preSolution
		HideSolutionNode = FALSE
	EndGlobalSection
	GlobalSection(NestedProjects) = preSolution
		{D3114EAF-01FB-4573-B729-428BCAF3E8FD} = {6EE3FC5E-27E6-48C2-8866-DD6BFB1F6FB2}
		{41BC7428-107A-4B24-8DC1-9F8B383B2123} = {6EE3FC5E-27E6-48C2-8866-DD6BFB1F6FB2}
		{22DE3ACA-C952-41DC-97FD-F1E3B33CB1CA} = {6EE3FC5E-27E6-48C2-8866-DD6BFB1F6FB2}
		{B3441EA7-D36F-447B-8F92-5C2AD4A2D08D} = {6EE3FC5E-27E6-48C2-8866-DD6BFB1F6FB2}
		{C36BF6D8-CC72-433C-B8FE-2CF74741BC57} = {22DE3ACA-C952-41DC-97FD-F1E3B33CB1CA}
		{0B3AE128-3457-4F69-8FDF-48E6007F3F92} = {22DE3ACA-C952-41DC-97FD-F1E3B33CB1CA}
		{C674D0A9-4CE3-4A3B-BC3F-C9FB6C39B2A6} = {B3441EA7-D36F-447B-8F92-5C2AD4A2D08D}
		{49C3288A-55FA-4B8E-8094-8EF4A50014FB} = {B3441EA7-D36F-447B-8F92-5C2AD4A2D08D}
		{823E2342-1F36-48BF-A12B-D9C6047BE203} = {41BC7428-107A-4B24-8DC1-9F8B383B2123}
		{48DE84C7-473D-456E-9E23-F73C076011A0} = {B999EB45-C49B-4E24-8EE2-5E3BEC4C605F}
		{F51DEE0B-7E8B-44D3-976E-3A6909A1107C} = {B999EB45-C49B-4E24-8EE2-5E3BEC4C605F}
		{87516965-02F8-4246-9C4E-DD69BC01E67A} = {D3114EAF-01FB-4573-B729-428BCAF3E8FD}
	EndGlobalSection
	GlobalSection(ExtensibilityGlobals) = postSolution
		SolutionGuid = {09A4FD77-0561-485F-9D1D-763650A36612}
	EndGlobalSection
EndGlobal
